// !$*UTF8*$!
{
	archiveVersion = 1;
	classes = {
	};
	objectVersion = 56;
	objects = {

/* Begin PBXBuildFile section */
		343163502C46118700212F48 /* Bookworm.xcdatamodeld in Sources */ = {isa = PBXBuildFile; fileRef = 3431634E2C46118700212F48 /* Bookworm.xcdatamodeld */; };
		343163702C472D7C00212F48 /* TagEnum.swift in Sources */ = {isa = PBXBuildFile; fileRef = 3431636F2C472D7C00212F48 /* TagEnum.swift */; };
		343163732C47353A00212F48 /* ListCell.swift in Sources */ = {isa = PBXBuildFile; fileRef = 343163722C47353A00212F48 /* ListCell.swift */; };
		343163752C47372600212F48 /* MovimentView.swift in Sources */ = {isa = PBXBuildFile; fileRef = 343163742C47372600212F48 /* MovimentView.swift */; };
		343163772C48796600212F48 /* ListColabCell.swift in Sources */ = {isa = PBXBuildFile; fileRef = 343163762C48796600212F48 /* ListColabCell.swift */; };
		343163792C487E9900212F48 /* MovimentColabView.swift in Sources */ = {isa = PBXBuildFile; fileRef = 343163782C487E9900212F48 /* MovimentColabView.swift */; };
		3431637C2C49D46100212F48 /* Diario.swift in Sources */ = {isa = PBXBuildFile; fileRef = 3431637B2C49D46100212F48 /* Diario.swift */; };
		3431637E2C4DB7F900212F48 /* AddMoviment.swift in Sources */ = {isa = PBXBuildFile; fileRef = 3431637D2C4DB7F900212F48 /* AddMoviment.swift */; };
		343163822C4DD14300212F48 /* MovimentosPorPeriodo.swift in Sources */ = {isa = PBXBuildFile; fileRef = 343163812C4DD14300212F48 /* MovimentosPorPeriodo.swift */; };
		343163872C4DF5AE00212F48 /* MovimentColabCell.swift in Sources */ = {isa = PBXBuildFile; fileRef = 343163862C4DF5AE00212F48 /* MovimentColabCell.swift */; };
		3437E5112C3F17CE0055A88B /* coreDataPraApp.swift in Sources */ = {isa = PBXBuildFile; fileRef = 3437E5102C3F17CE0055A88B /* coreDataPraApp.swift */; };
		3437E5132C3F17CE0055A88B /* ContentView.swift in Sources */ = {isa = PBXBuildFile; fileRef = 3437E5122C3F17CE0055A88B /* ContentView.swift */; };
		3437E5152C3F17CF0055A88B /* Assets.xcassets in Resources */ = {isa = PBXBuildFile; fileRef = 3437E5142C3F17CF0055A88B /* Assets.xcassets */; };
		3437E5182C3F17CF0055A88B /* Preview Assets.xcassets in Resources */ = {isa = PBXBuildFile; fileRef = 3437E5172C3F17CF0055A88B /* Preview Assets.xcassets */; };
		3437E5222C3F18CC0055A88B /* DataController.swift in Sources */ = {isa = PBXBuildFile; fileRef = 3437E5212C3F18CC0055A88B /* DataController.swift */; };
		3437E5242C4028EB0055A88B /* FinancialMovement.swift in Sources */ = {isa = PBXBuildFile; fileRef = 3437E5232C4028EB0055A88B /* FinancialMovement.swift */; };
		3437E5262C403ABA0055A88B /* FinancialMovimentViewModel.swift in Sources */ = {isa = PBXBuildFile; fileRef = 3437E5252C403ABA0055A88B /* FinancialMovimentViewModel.swift */; };
		3437E5282C40443A0055A88B /* Graficos.swift in Sources */ = {isa = PBXBuildFile; fileRef = 3437E5272C40443A0055A88B /* Graficos.swift */; };
		3437E52A2C4575940055A88B /* DataManager.swift in Sources */ = {isa = PBXBuildFile; fileRef = 3437E5292C4575940055A88B /* DataManager.swift */; };
		3437E52C2C4578D50055A88B /* CoreDataBootcamp.swift in Sources */ = {isa = PBXBuildFile; fileRef = 3437E52B2C4578D50055A88B /* CoreDataBootcamp.swift */; };
		3437E52F2C457B100055A88B /* FruitsContainer.xcdatamodeld in Sources */ = {isa = PBXBuildFile; fileRef = 3437E52D2C457B100055A88B /* FruitsContainer.xcdatamodeld */; };
		3437E5342C459DE40055A88B /* FloatModifiers.swift in Sources */ = {isa = PBXBuildFile; fileRef = 3437E5332C459DE40055A88B /* FloatModifiers.swift */; };
		3437E5362C45A01A0055A88B /* AddMovimentSheet.swift in Sources */ = {isa = PBXBuildFile; fileRef = 3437E5352C45A01A0055A88B /* AddMovimentSheet.swift */; };
		3437E53D2C4960E50055A88B /* DatabaseManager.swift in Sources */ = {isa = PBXBuildFile; fileRef = 3437E53C2C4960E50055A88B /* DatabaseManager.swift */; };
		3437E53F2C49613E0055A88B /* DateExtension.swift in Sources */ = {isa = PBXBuildFile; fileRef = 3437E53E2C49613E0055A88B /* DateExtension.swift */; };
		3437E5422C49799A0055A88B /* Dashboard.swift in Sources */ = {isa = PBXBuildFile; fileRef = 3437E5412C49799A0055A88B /* Dashboard.swift */; };
		3437E5452C497A380055A88B /* DashBoardCard.swift in Sources */ = {isa = PBXBuildFile; fileRef = 3437E5442C497A380055A88B /* DashBoardCard.swift */; };
		3437E5482C4ACB750055A88B /* DiarioCell.swift in Sources */ = {isa = PBXBuildFile; fileRef = 3437E5472C4ACB750055A88B /* DiarioCell.swift */; };
		3437E54B2C4ACE220055A88B /* DiarioViewModel.swift in Sources */ = {isa = PBXBuildFile; fileRef = 3437E54A2C4ACE220055A88B /* DiarioViewModel.swift */; };
/* End PBXBuildFile section */

/* Begin PBXFileReference section */
		3431634F2C46118700212F48 /* Bookworm.xcdatamodel */ = {isa = PBXFileReference; lastKnownFileType = wrapper.xcdatamodel; path = Bookworm.xcdatamodel; sourceTree = "<group>"; };
		3431636F2C472D7C00212F48 /* TagEnum.swift */ = {isa = PBXFileReference; lastKnownFileType = sourcecode.swift; path = TagEnum.swift; sourceTree = "<group>"; };
		343163722C47353A00212F48 /* ListCell.swift */ = {isa = PBXFileReference; lastKnownFileType = sourcecode.swift; path = ListCell.swift; sourceTree = "<group>"; };
		343163742C47372600212F48 /* MovimentView.swift */ = {isa = PBXFileReference; lastKnownFileType = sourcecode.swift; path = MovimentView.swift; sourceTree = "<group>"; };
		343163762C48796600212F48 /* ListColabCell.swift */ = {isa = PBXFileReference; lastKnownFileType = sourcecode.swift; path = ListColabCell.swift; sourceTree = "<group>"; };
		343163782C487E9900212F48 /* MovimentColabView.swift */ = {isa = PBXFileReference; lastKnownFileType = sourcecode.swift; path = MovimentColabView.swift; sourceTree = "<group>"; };
		3431637B2C49D46100212F48 /* Diario.swift */ = {isa = PBXFileReference; lastKnownFileType = sourcecode.swift; path = Diario.swift; sourceTree = "<group>"; };
		3431637D2C4DB7F900212F48 /* AddMoviment.swift */ = {isa = PBXFileReference; lastKnownFileType = sourcecode.swift; path = AddMoviment.swift; sourceTree = "<group>"; };
		343163812C4DD14300212F48 /* MovimentosPorPeriodo.swift */ = {isa = PBXFileReference; lastKnownFileType = sourcecode.swift; path = MovimentosPorPeriodo.swift; sourceTree = "<group>"; };
		343163862C4DF5AE00212F48 /* MovimentColabCell.swift */ = {isa = PBXFileReference; lastKnownFileType = sourcecode.swift; path = MovimentColabCell.swift; sourceTree = "<group>"; };
		3437E50D2C3F17CE0055A88B /* coreDataPra.app */ = {isa = PBXFileReference; explicitFileType = wrapper.application; includeInIndex = 0; path = coreDataPra.app; sourceTree = BUILT_PRODUCTS_DIR; };
		3437E5102C3F17CE0055A88B /* coreDataPraApp.swift */ = {isa = PBXFileReference; lastKnownFileType = sourcecode.swift; path = coreDataPraApp.swift; sourceTree = "<group>"; };
		3437E5122C3F17CE0055A88B /* ContentView.swift */ = {isa = PBXFileReference; lastKnownFileType = sourcecode.swift; path = ContentView.swift; sourceTree = "<group>"; };
		3437E5142C3F17CF0055A88B /* Assets.xcassets */ = {isa = PBXFileReference; lastKnownFileType = folder.assetcatalog; path = Assets.xcassets; sourceTree = "<group>"; };
		3437E5172C3F17CF0055A88B /* Preview Assets.xcassets */ = {isa = PBXFileReference; lastKnownFileType = folder.assetcatalog; path = "Preview Assets.xcassets"; sourceTree = "<group>"; };
		3437E5212C3F18CC0055A88B /* DataController.swift */ = {isa = PBXFileReference; lastKnownFileType = sourcecode.swift; path = DataController.swift; sourceTree = "<group>"; };
		3437E5232C4028EB0055A88B /* FinancialMovement.swift */ = {isa = PBXFileReference; lastKnownFileType = sourcecode.swift; path = FinancialMovement.swift; sourceTree = "<group>"; };
		3437E5252C403ABA0055A88B /* FinancialMovimentViewModel.swift */ = {isa = PBXFileReference; lastKnownFileType = sourcecode.swift; path = FinancialMovimentViewModel.swift; sourceTree = "<group>"; };
		3437E5272C40443A0055A88B /* Graficos.swift */ = {isa = PBXFileReference; lastKnownFileType = sourcecode.swift; path = Graficos.swift; sourceTree = "<group>"; };
		3437E5292C4575940055A88B /* DataManager.swift */ = {isa = PBXFileReference; lastKnownFileType = sourcecode.swift; path = DataManager.swift; sourceTree = "<group>"; };
		3437E52B2C4578D50055A88B /* CoreDataBootcamp.swift */ = {isa = PBXFileReference; lastKnownFileType = sourcecode.swift; path = CoreDataBootcamp.swift; sourceTree = "<group>"; };
		3437E52E2C457B100055A88B /* FruitsContainer.xcdatamodel */ = {isa = PBXFileReference; lastKnownFileType = wrapper.xcdatamodel; path = FruitsContainer.xcdatamodel; sourceTree = "<group>"; };
		3437E5332C459DE40055A88B /* FloatModifiers.swift */ = {isa = PBXFileReference; lastKnownFileType = sourcecode.swift; path = FloatModifiers.swift; sourceTree = "<group>"; };
		3437E5352C45A01A0055A88B /* AddMovimentSheet.swift */ = {isa = PBXFileReference; lastKnownFileType = sourcecode.swift; path = AddMovimentSheet.swift; sourceTree = "<group>"; };
		3437E53C2C4960E50055A88B /* DatabaseManager.swift */ = {isa = PBXFileReference; lastKnownFileType = sourcecode.swift; path = DatabaseManager.swift; sourceTree = "<group>"; };
		3437E53E2C49613E0055A88B /* DateExtension.swift */ = {isa = PBXFileReference; lastKnownFileType = sourcecode.swift; path = DateExtension.swift; sourceTree = "<group>"; };
		3437E5412C49799A0055A88B /* Dashboard.swift */ = {isa = PBXFileReference; lastKnownFileType = sourcecode.swift; path = Dashboard.swift; sourceTree = "<group>"; };
		3437E5442C497A380055A88B /* DashBoardCard.swift */ = {isa = PBXFileReference; lastKnownFileType = sourcecode.swift; path = DashBoardCard.swift; sourceTree = "<group>"; };
		3437E5472C4ACB750055A88B /* DiarioCell.swift */ = {isa = PBXFileReference; lastKnownFileType = sourcecode.swift; path = DiarioCell.swift; sourceTree = "<group>"; };
		3437E54A2C4ACE220055A88B /* DiarioViewModel.swift */ = {isa = PBXFileReference; lastKnownFileType = sourcecode.swift; path = DiarioViewModel.swift; sourceTree = "<group>"; };
/* End PBXFileReference section */

/* Begin PBXFrameworksBuildPhase section */
		3437E50A2C3F17CE0055A88B /* Frameworks */ = {
			isa = PBXFrameworksBuildPhase;
			buildActionMask = 2147483647;
			files = (
			);
			runOnlyForDeploymentPostprocessing = 0;
		};
/* End PBXFrameworksBuildPhase section */

/* Begin PBXGroup section */
		343163712C47351800212F48 /* Components */ = {
			isa = PBXGroup;
			children = (
				343163722C47353A00212F48 /* ListCell.swift */,
				343163762C48796600212F48 /* ListColabCell.swift */,
			);
			path = Components;
			sourceTree = "<group>";
		};
		3431637A2C49D44E00212F48 /* Diario */ = {
			isa = PBXGroup;
			children = (
				3437E5492C4ACE140055A88B /* ViewModel */,
				3437E5462C4ACB5E0055A88B /* SubViews */,
				3431637B2C49D46100212F48 /* Diario.swift */,
			);
			path = Diario;
			sourceTree = "<group>";
		};
		3431637F2C4DCF0500212F48 /* AddMoviment */ = {
			isa = PBXGroup;
			children = (
				3437E5352C45A01A0055A88B /* AddMovimentSheet.swift */,
				3431637D2C4DB7F900212F48 /* AddMoviment.swift */,
			);
			path = AddMoviment;
			sourceTree = "<group>";
		};
		343163832C4DED4500212F48 /* Graficos */ = {
			isa = PBXGroup;
			children = (
				3437E5272C40443A0055A88B /* Graficos.swift */,
			);
			path = Graficos;
			sourceTree = "<group>";
		};
		343163842C4DF11400212F48 /* Extrato */ = {
			isa = PBXGroup;
			children = (
				3437E5232C4028EB0055A88B /* FinancialMovement.swift */,
			);
			path = Extrato;
			sourceTree = "<group>";
		};
		343163852C4DF59D00212F48 /* MovimentColabCell */ = {
			isa = PBXGroup;
			children = (
				343163862C4DF5AE00212F48 /* MovimentColabCell.swift */,
			);
			path = MovimentColabCell;
			sourceTree = "<group>";
		};
		3437E5042C3F17CE0055A88B = {
			isa = PBXGroup;
			children = (
				3437E5212C3F18CC0055A88B /* DataController.swift */,
				3437E5292C4575940055A88B /* DataManager.swift */,
				3437E50F2C3F17CE0055A88B /* coreDataPra */,
				3437E50E2C3F17CE0055A88B /* Products */,
			);
			sourceTree = "<group>";
		};
		3437E50E2C3F17CE0055A88B /* Products */ = {
			isa = PBXGroup;
			children = (
				3437E50D2C3F17CE0055A88B /* coreDataPra.app */,
			);
			name = Products;
			sourceTree = "<group>";
		};
		3437E50F2C3F17CE0055A88B /* coreDataPra */ = {
			isa = PBXGroup;
			children = (
				3437E53C2C4960E50055A88B /* DatabaseManager.swift */,
				3437E5322C459D730055A88B /* Extensions and Modifiers */,
				3437E5392C46F7310055A88B /* Model */,
				3437E5302C459CFD0055A88B /* Views */,
				3437E5312C459D0D0055A88B /* ViewModel */,
				3437E52D2C457B100055A88B /* FruitsContainer.xcdatamodeld */,
				3437E5102C3F17CE0055A88B /* coreDataPraApp.swift */,
				3437E5122C3F17CE0055A88B /* ContentView.swift */,
				3437E52B2C4578D50055A88B /* CoreDataBootcamp.swift */,
				3431634E2C46118700212F48 /* Bookworm.xcdatamodeld */,
				3437E5142C3F17CF0055A88B /* Assets.xcassets */,
				3437E5162C3F17CF0055A88B /* Preview Content */,
			);
			path = coreDataPra;
			sourceTree = "<group>";
		};
		3437E5162C3F17CF0055A88B /* Preview Content */ = {
			isa = PBXGroup;
			children = (
				3437E5172C3F17CF0055A88B /* Preview Assets.xcassets */,
			);
			path = "Preview Content";
			sourceTree = "<group>";
		};
		3437E5302C459CFD0055A88B /* Views */ = {
			isa = PBXGroup;
			children = (
				343163852C4DF59D00212F48 /* MovimentColabCell */,
				343163842C4DF11400212F48 /* Extrato */,
				343163832C4DED4500212F48 /* Graficos */,
				3431637F2C4DCF0500212F48 /* AddMoviment */,
				3431637A2C49D44E00212F48 /* Diario */,
				3437E5402C49798E0055A88B /* DashBoard */,
				343163712C47351800212F48 /* Components */,
				343163742C47372600212F48 /* MovimentView.swift */,
				343163782C487E9900212F48 /* MovimentColabView.swift */,
			);
			path = Views;
			sourceTree = "<group>";
		};
		3437E5312C459D0D0055A88B /* ViewModel */ = {
			isa = PBXGroup;
			children = (
				3437E5252C403ABA0055A88B /* FinancialMovimentViewModel.swift */,
			);
			path = ViewModel;
			sourceTree = "<group>";
		};
		3437E5322C459D730055A88B /* Extensions and Modifiers */ = {
			isa = PBXGroup;
			children = (
				3437E5332C459DE40055A88B /* FloatModifiers.swift */,
				3437E53E2C49613E0055A88B /* DateExtension.swift */,
			);
			path = "Extensions and Modifiers";
			sourceTree = "<group>";
		};
		3437E5392C46F7310055A88B /* Model */ = {
			isa = PBXGroup;
			children = (
				3431636F2C472D7C00212F48 /* TagEnum.swift */,
			);
			path = Model;
			sourceTree = "<group>";
		};
		3437E5402C49798E0055A88B /* DashBoard */ = {
			isa = PBXGroup;
			children = (
				3437E5432C497A210055A88B /* SubViews */,
				3437E5412C49799A0055A88B /* Dashboard.swift */,
			);
			path = DashBoard;
			sourceTree = "<group>";
		};
		3437E5432C497A210055A88B /* SubViews */ = {
			isa = PBXGroup;
			children = (
				3437E5442C497A380055A88B /* DashBoardCard.swift */,
			);
			path = SubViews;
			sourceTree = "<group>";
		};
		3437E5462C4ACB5E0055A88B /* SubViews */ = {
			isa = PBXGroup;
			children = (
				3437E5472C4ACB750055A88B /* DiarioCell.swift */,
				343163812C4DD14300212F48 /* MovimentosPorPeriodo.swift */,
			);
			path = SubViews;
			sourceTree = "<group>";
		};
		3437E5492C4ACE140055A88B /* ViewModel */ = {
			isa = PBXGroup;
			children = (
				3437E54A2C4ACE220055A88B /* DiarioViewModel.swift */,
			);
			path = ViewModel;
			sourceTree = "<group>";
		};
/* End PBXGroup section */

/* Begin PBXNativeTarget section */
		3437E50C2C3F17CE0055A88B /* coreDataPra */ = {
			isa = PBXNativeTarget;
			buildConfigurationList = 3437E51B2C3F17CF0055A88B /* Build configuration list for PBXNativeTarget "coreDataPra" */;
			buildPhases = (
				3437E5092C3F17CE0055A88B /* Sources */,
				3437E50A2C3F17CE0055A88B /* Frameworks */,
				3437E50B2C3F17CE0055A88B /* Resources */,
			);
			buildRules = (
			);
			dependencies = (
			);
			name = coreDataPra;
			productName = coreDataPra;
			productReference = 3437E50D2C3F17CE0055A88B /* coreDataPra.app */;
			productType = "com.apple.product-type.application";
		};
/* End PBXNativeTarget section */

/* Begin PBXProject section */
		3437E5052C3F17CE0055A88B /* Project object */ = {
			isa = PBXProject;
			attributes = {
				BuildIndependentTargetsInParallel = 1;
				LastSwiftUpdateCheck = 1530;
				LastUpgradeCheck = 1530;
				TargetAttributes = {
					3437E50C2C3F17CE0055A88B = {
						CreatedOnToolsVersion = 15.3;
					};
				};
			};
			buildConfigurationList = 3437E5082C3F17CE0055A88B /* Build configuration list for PBXProject "coreDataPra" */;
			compatibilityVersion = "Xcode 14.0";
			developmentRegion = en;
			hasScannedForEncodings = 0;
			knownRegions = (
				en,
				Base,
			);
			mainGroup = 3437E5042C3F17CE0055A88B;
			productRefGroup = 3437E50E2C3F17CE0055A88B /* Products */;
			projectDirPath = "";
			projectRoot = "";
			targets = (
				3437E50C2C3F17CE0055A88B /* coreDataPra */,
			);
		};
/* End PBXProject section */

/* Begin PBXResourcesBuildPhase section */
		3437E50B2C3F17CE0055A88B /* Resources */ = {
			isa = PBXResourcesBuildPhase;
			buildActionMask = 2147483647;
			files = (
				3437E5182C3F17CF0055A88B /* Preview Assets.xcassets in Resources */,
				3437E5152C3F17CF0055A88B /* Assets.xcassets in Resources */,
			);
			runOnlyForDeploymentPostprocessing = 0;
		};
/* End PBXResourcesBuildPhase section */

/* Begin PBXSourcesBuildPhase section */
		3437E5092C3F17CE0055A88B /* Sources */ = {
			isa = PBXSourcesBuildPhase;
			buildActionMask = 2147483647;
			files = (
				3431637E2C4DB7F900212F48 /* AddMoviment.swift in Sources */,
				343163502C46118700212F48 /* Bookworm.xcdatamodeld in Sources */,
				3437E53F2C49613E0055A88B /* DateExtension.swift in Sources */,
				3437E5242C4028EB0055A88B /* FinancialMovement.swift in Sources */,
				3437E5132C3F17CE0055A88B /* ContentView.swift in Sources */,
				3437E54B2C4ACE220055A88B /* DiarioViewModel.swift in Sources */,
				343163732C47353A00212F48 /* ListCell.swift in Sources */,
				343163702C472D7C00212F48 /* TagEnum.swift in Sources */,
				3437E5452C497A380055A88B /* DashBoardCard.swift in Sources */,
				3437E52F2C457B100055A88B /* FruitsContainer.xcdatamodeld in Sources */,
				3437E5262C403ABA0055A88B /* FinancialMovimentViewModel.swift in Sources */,
				3431637C2C49D46100212F48 /* Diario.swift in Sources */,
				343163752C47372600212F48 /* MovimentView.swift in Sources */,
				3437E5222C3F18CC0055A88B /* DataController.swift in Sources */,
				3437E52A2C4575940055A88B /* DataManager.swift in Sources */,
				343163792C487E9900212F48 /* MovimentColabView.swift in Sources */,
				343163772C48796600212F48 /* ListColabCell.swift in Sources */,
				3437E5112C3F17CE0055A88B /* coreDataPraApp.swift in Sources */,
				3437E53D2C4960E50055A88B /* DatabaseManager.swift in Sources */,
				3437E52C2C4578D50055A88B /* CoreDataBootcamp.swift in Sources */,
				3437E5342C459DE40055A88B /* FloatModifiers.swift in Sources */,
				3437E5362C45A01A0055A88B /* AddMovimentSheet.swift in Sources */,
				3437E5482C4ACB750055A88B /* DiarioCell.swift in Sources */,
				3437E5422C49799A0055A88B /* Dashboard.swift in Sources */,
				3437E5282C40443A0055A88B /* Graficos.swift in Sources */,
				343163822C4DD14300212F48 /* MovimentosPorPeriodo.swift in Sources */,
				343163872C4DF5AE00212F48 /* MovimentColabCell.swift in Sources */,
			);
			runOnlyForDeploymentPostprocessing = 0;
		};
/* End PBXSourcesBuildPhase section */

/* Begin XCBuildConfiguration section */
		3437E5192C3F17CF0055A88B /* Debug */ = {
			isa = XCBuildConfiguration;
			buildSettings = {
				ALWAYS_SEARCH_USER_PATHS = NO;
				ASSETCATALOG_COMPILER_GENERATE_SWIFT_ASSET_SYMBOL_EXTENSIONS = YES;
				CLANG_ANALYZER_NONNULL = YES;
				CLANG_ANALYZER_NUMBER_OBJECT_CONVERSION = YES_AGGRESSIVE;
				CLANG_CXX_LANGUAGE_STANDARD = "gnu++20";
				CLANG_ENABLE_MODULES = YES;
				CLANG_ENABLE_OBJC_ARC = YES;
				CLANG_ENABLE_OBJC_WEAK = YES;
				CLANG_WARN_BLOCK_CAPTURE_AUTORELEASING = YES;
				CLANG_WARN_BOOL_CONVERSION = YES;
				CLANG_WARN_COMMA = YES;
				CLANG_WARN_CONSTANT_CONVERSION = YES;
				CLANG_WARN_DEPRECATED_OBJC_IMPLEMENTATIONS = YES;
				CLANG_WARN_DIRECT_OBJC_ISA_USAGE = YES_ERROR;
				CLANG_WARN_DOCUMENTATION_COMMENTS = YES;
				CLANG_WARN_EMPTY_BODY = YES;
				CLANG_WARN_ENUM_CONVERSION = YES;
				CLANG_WARN_INFINITE_RECURSION = YES;
				CLANG_WARN_INT_CONVERSION = YES;
				CLANG_WARN_NON_LITERAL_NULL_CONVERSION = YES;
				CLANG_WARN_OBJC_IMPLICIT_RETAIN_SELF = YES;
				CLANG_WARN_OBJC_LITERAL_CONVERSION = YES;
				CLANG_WARN_OBJC_ROOT_CLASS = YES_ERROR;
				CLANG_WARN_QUOTED_INCLUDE_IN_FRAMEWORK_HEADER = YES;
				CLANG_WARN_RANGE_LOOP_ANALYSIS = YES;
				CLANG_WARN_STRICT_PROTOTYPES = YES;
				CLANG_WARN_SUSPICIOUS_MOVE = YES;
				CLANG_WARN_UNGUARDED_AVAILABILITY = YES_AGGRESSIVE;
				CLANG_WARN_UNREACHABLE_CODE = YES;
				CLANG_WARN__DUPLICATE_METHOD_MATCH = YES;
				COPY_PHASE_STRIP = NO;
				DEBUG_INFORMATION_FORMAT = dwarf;
				ENABLE_STRICT_OBJC_MSGSEND = YES;
				ENABLE_TESTABILITY = YES;
				ENABLE_USER_SCRIPT_SANDBOXING = YES;
				GCC_C_LANGUAGE_STANDARD = gnu17;
				GCC_DYNAMIC_NO_PIC = NO;
				GCC_NO_COMMON_BLOCKS = YES;
				GCC_OPTIMIZATION_LEVEL = 0;
				GCC_PREPROCESSOR_DEFINITIONS = (
					"DEBUG=1",
					"$(inherited)",
				);
				GCC_WARN_64_TO_32_BIT_CONVERSION = YES;
				GCC_WARN_ABOUT_RETURN_TYPE = YES_ERROR;
				GCC_WARN_UNDECLARED_SELECTOR = YES;
				GCC_WARN_UNINITIALIZED_AUTOS = YES_AGGRESSIVE;
				GCC_WARN_UNUSED_FUNCTION = YES;
				GCC_WARN_UNUSED_VARIABLE = YES;
				IPHONEOS_DEPLOYMENT_TARGET = 17.4;
				LOCALIZATION_PREFERS_STRING_CATALOGS = YES;
				MTL_ENABLE_DEBUG_INFO = INCLUDE_SOURCE;
				MTL_FAST_MATH = YES;
				ONLY_ACTIVE_ARCH = YES;
				SDKROOT = iphoneos;
				SWIFT_ACTIVE_COMPILATION_CONDITIONS = "DEBUG $(inherited)";
				SWIFT_OPTIMIZATION_LEVEL = "-Onone";
			};
			name = Debug;
		};
		3437E51A2C3F17CF0055A88B /* Release */ = {
			isa = XCBuildConfiguration;
			buildSettings = {
				ALWAYS_SEARCH_USER_PATHS = NO;
				ASSETCATALOG_COMPILER_GENERATE_SWIFT_ASSET_SYMBOL_EXTENSIONS = YES;
				CLANG_ANALYZER_NONNULL = YES;
				CLANG_ANALYZER_NUMBER_OBJECT_CONVERSION = YES_AGGRESSIVE;
				CLANG_CXX_LANGUAGE_STANDARD = "gnu++20";
				CLANG_ENABLE_MODULES = YES;
				CLANG_ENABLE_OBJC_ARC = YES;
				CLANG_ENABLE_OBJC_WEAK = YES;
				CLANG_WARN_BLOCK_CAPTURE_AUTORELEASING = YES;
				CLANG_WARN_BOOL_CONVERSION = YES;
				CLANG_WARN_COMMA = YES;
				CLANG_WARN_CONSTANT_CONVERSION = YES;
				CLANG_WARN_DEPRECATED_OBJC_IMPLEMENTATIONS = YES;
				CLANG_WARN_DIRECT_OBJC_ISA_USAGE = YES_ERROR;
				CLANG_WARN_DOCUMENTATION_COMMENTS = YES;
				CLANG_WARN_EMPTY_BODY = YES;
				CLANG_WARN_ENUM_CONVERSION = YES;
				CLANG_WARN_INFINITE_RECURSION = YES;
				CLANG_WARN_INT_CONVERSION = YES;
				CLANG_WARN_NON_LITERAL_NULL_CONVERSION = YES;
				CLANG_WARN_OBJC_IMPLICIT_RETAIN_SELF = YES;
				CLANG_WARN_OBJC_LITERAL_CONVERSION = YES;
				CLANG_WARN_OBJC_ROOT_CLASS = YES_ERROR;
				CLANG_WARN_QUOTED_INCLUDE_IN_FRAMEWORK_HEADER = YES;
				CLANG_WARN_RANGE_LOOP_ANALYSIS = YES;
				CLANG_WARN_STRICT_PROTOTYPES = YES;
				CLANG_WARN_SUSPICIOUS_MOVE = YES;
				CLANG_WARN_UNGUARDED_AVAILABILITY = YES_AGGRESSIVE;
				CLANG_WARN_UNREACHABLE_CODE = YES;
				CLANG_WARN__DUPLICATE_METHOD_MATCH = YES;
				COPY_PHASE_STRIP = NO;
				DEBUG_INFORMATION_FORMAT = "dwarf-with-dsym";
				ENABLE_NS_ASSERTIONS = NO;
				ENABLE_STRICT_OBJC_MSGSEND = YES;
				ENABLE_USER_SCRIPT_SANDBOXING = YES;
				GCC_C_LANGUAGE_STANDARD = gnu17;
				GCC_NO_COMMON_BLOCKS = YES;
				GCC_WARN_64_TO_32_BIT_CONVERSION = YES;
				GCC_WARN_ABOUT_RETURN_TYPE = YES_ERROR;
				GCC_WARN_UNDECLARED_SELECTOR = YES;
				GCC_WARN_UNINITIALIZED_AUTOS = YES_AGGRESSIVE;
				GCC_WARN_UNUSED_FUNCTION = YES;
				GCC_WARN_UNUSED_VARIABLE = YES;
				IPHONEOS_DEPLOYMENT_TARGET = 17.4;
				LOCALIZATION_PREFERS_STRING_CATALOGS = YES;
				MTL_ENABLE_DEBUG_INFO = NO;
				MTL_FAST_MATH = YES;
				SDKROOT = iphoneos;
				SWIFT_COMPILATION_MODE = wholemodule;
				VALIDATE_PRODUCT = YES;
			};
			name = Release;
		};
		3437E51C2C3F17CF0055A88B /* Debug */ = {
			isa = XCBuildConfiguration;
			buildSettings = {
				ASSETCATALOG_COMPILER_APPICON_NAME = AppIcon;
				ASSETCATALOG_COMPILER_GLOBAL_ACCENT_COLOR_NAME = AccentColor;
				CODE_SIGN_STYLE = Automatic;
				CURRENT_PROJECT_VERSION = 1;
				DEVELOPMENT_ASSET_PATHS = "\"coreDataPra/Preview Content\"";
				DEVELOPMENT_TEAM = MT4A7M75NC;
				ENABLE_PREVIEWS = YES;
				GENERATE_INFOPLIST_FILE = YES;
				INFOPLIST_KEY_UIApplicationSceneManifest_Generation = YES;
				INFOPLIST_KEY_UIApplicationSupportsIndirectInputEvents = YES;
				INFOPLIST_KEY_UILaunchScreen_Generation = YES;
				INFOPLIST_KEY_UISupportedInterfaceOrientations_iPad = "UIInterfaceOrientationPortrait UIInterfaceOrientationPortraitUpsideDown UIInterfaceOrientationLandscapeLeft UIInterfaceOrientationLandscapeRight";
				INFOPLIST_KEY_UISupportedInterfaceOrientations_iPhone = "UIInterfaceOrientationPortrait UIInterfaceOrientationLandscapeLeft UIInterfaceOrientationLandscapeRight";
				LD_RUNPATH_SEARCH_PATHS = (
					"$(inherited)",
					"@executable_path/Frameworks",
				);
				MARKETING_VERSION = 1.0;
				PRODUCT_BUNDLE_IDENTIFIER = UIKitAnimation.coreDataPra;
				PRODUCT_NAME = "$(TARGET_NAME)";
				SWIFT_EMIT_LOC_STRINGS = YES;
				SWIFT_VERSION = 5.0;
				TARGETED_DEVICE_FAMILY = "1,2";
			};
			name = Debug;
		};
		3437E51D2C3F17CF0055A88B /* Release */ = {
			isa = XCBuildConfiguration;
			buildSettings = {
				ASSETCATALOG_COMPILER_APPICON_NAME = AppIcon;
				ASSETCATALOG_COMPILER_GLOBAL_ACCENT_COLOR_NAME = AccentColor;
				CODE_SIGN_STYLE = Automatic;
				CURRENT_PROJECT_VERSION = 1;
				DEVELOPMENT_ASSET_PATHS = "\"coreDataPra/Preview Content\"";
				DEVELOPMENT_TEAM = MT4A7M75NC;
				ENABLE_PREVIEWS = YES;
				GENERATE_INFOPLIST_FILE = YES;
				INFOPLIST_KEY_UIApplicationSceneManifest_Generation = YES;
				INFOPLIST_KEY_UIApplicationSupportsIndirectInputEvents = YES;
				INFOPLIST_KEY_UILaunchScreen_Generation = YES;
				INFOPLIST_KEY_UISupportedInterfaceOrientations_iPad = "UIInterfaceOrientationPortrait UIInterfaceOrientationPortraitUpsideDown UIInterfaceOrientationLandscapeLeft UIInterfaceOrientationLandscapeRight";
				INFOPLIST_KEY_UISupportedInterfaceOrientations_iPhone = "UIInterfaceOrientationPortrait UIInterfaceOrientationLandscapeLeft UIInterfaceOrientationLandscapeRight";
				LD_RUNPATH_SEARCH_PATHS = (
					"$(inherited)",
					"@executable_path/Frameworks",
				);
				MARKETING_VERSION = 1.0;
				PRODUCT_BUNDLE_IDENTIFIER = UIKitAnimation.coreDataPra;
				PRODUCT_NAME = "$(TARGET_NAME)";
				SWIFT_EMIT_LOC_STRINGS = YES;
				SWIFT_VERSION = 5.0;
				TARGETED_DEVICE_FAMILY = "1,2";
			};
			name = Release;
		};
/* End XCBuildConfiguration section */

/* Begin XCConfigurationList section */
		3437E5082C3F17CE0055A88B /* Build configuration list for PBXProject "coreDataPra" */ = {
			isa = XCConfigurationList;
			buildConfigurations = (
				3437E5192C3F17CF0055A88B /* Debug */,
				3437E51A2C3F17CF0055A88B /* Release */,
			);
			defaultConfigurationIsVisible = 0;
			defaultConfigurationName = Release;
		};
		3437E51B2C3F17CF0055A88B /* Build configuration list for PBXNativeTarget "coreDataPra" */ = {
			isa = XCConfigurationList;
			buildConfigurations = (
				3437E51C2C3F17CF0055A88B /* Debug */,
				3437E51D2C3F17CF0055A88B /* Release */,
			);
			defaultConfigurationIsVisible = 0;
			defaultConfigurationName = Release;
		};
/* End XCConfigurationList section */

/* Begin XCVersionGroup section */
		3431634E2C46118700212F48 /* Bookworm.xcdatamodeld */ = {
			isa = XCVersionGroup;
			children = (
				3431634F2C46118700212F48 /* Bookworm.xcdatamodel */,
			);
			currentVersion = 3431634F2C46118700212F48 /* Bookworm.xcdatamodel */;
			name = Bookworm.xcdatamodeld;
			path = ../Bookworm.xcdatamodeld;
			sourceTree = "<group>";
			versionGroupType = wrapper.xcdatamodel;
		};
		3437E52D2C457B100055A88B /* FruitsContainer.xcdatamodeld */ = {
			isa = XCVersionGroup;
			children = (
				3437E52E2C457B100055A88B /* FruitsContainer.xcdatamodel */,
			);
			currentVersion = 3437E52E2C457B100055A88B /* FruitsContainer.xcdatamodel */;
			path = FruitsContainer.xcdatamodeld;
			sourceTree = "<group>";
			versionGroupType = wrapper.xcdatamodel;
		};
/* End XCVersionGroup section */
	};
	rootObject = 3437E5052C3F17CE0055A88B /* Project object */;
}
